Microsoft Visual Studio Solution File, Format Version 9.00
# Visual Studio 2005
Project("{8BC9CEB8-8B4A-11D0-8D11-00A0C91BC942}") = "D3MkEntityTree", "D3MkEntityTree\D3MkEntityTree.vcproj", "{4BF88307-699D-4B8D-99A5-7249A61D0661}"
	ProjectSection(ProjectDependencies) = postProject
		{0C258900-2F14-479C-8F53-E103B9EA0239} = {0C258900-2F14-479C-8F53-E103B9EA0239}
		{87A0FB99-7849-4D0B-9B79-5B66D15C2C47} = {87A0FB99-7849-4D0B-9B79-5B66D15C2C47}
	EndProjectSection
EndProject
Project("{8BC9CEB8-8B4A-11D0-8D11-00A0C91BC942}") = "unZip", "unZip\unZip.vcproj", "{0C258900-2F14-479C-8F53-E103B9EA0239}"
	ProjectSection(ProjectDependencies) = postProject
		{300C64A2-5903-477D-966A-C2E9CBDB0C17} = {300C64A2-5903-477D-966A-C2E9CBDB0C17}
	EndProjectSection
EndProject
Project("{8BC9CEB8-8B4A-11D0-8D11-00A0C91BC942}") = "zlib", "zlib\zlib.vcproj", "{300C64A2-5903-477D-966A-C2E9CBDB0C17}"
EndProject
Project("{8BC9CEB8-8B4A-11D0-8D11-00A0C91BC942}") = "CxImage", "CxImage\cximage.vcproj", "{87A0FB99-7849-4D0B-9B79-5B66D15C2C47}"
	ProjectSection(ProjectDependencies) = postProject
		{035DEAE7-118D-4946-9D58-C9AE7E7C03E6} = {035DEAE7-118D-4946-9D58-C9AE7E7C03E6}
	EndProjectSection
EndProject
Project("{8BC9CEB8-8B4A-11D0-8D11-00A0C91BC942}") = "jpeg", "jpeg\Jpeg.vcproj", "{035DEAE7-118D-4946-9D58-C9AE7E7C03E6}"
EndProject
Project("{8BC9CEB8-8B4A-11D0-8D11-00A0C91BC942}") = "D3ModelExplorer", "D3ModelExplorer\D3ModelExplorer.vcproj", "{E47610AF-22C5-4193-829A-A81989DFC4E3}"
	ProjectSection(ProjectDependencies) = postProject
		{0C258900-2F14-479C-8F53-E103B9EA0239} = {0C258900-2F14-479C-8F53-E103B9EA0239}
		{8AA68150-78DB-4749-8F0D-A4C58AAC73F4} = {8AA68150-78DB-4749-8F0D-A4C58AAC73F4}
		{87A0FB99-7849-4D0B-9B79-5B66D15C2C47} = {87A0FB99-7849-4D0B-9B79-5B66D15C2C47}
	EndProjectSection
EndProject
Project("{8BC9CEB8-8B4A-11D0-8D11-00A0C91BC942}") = "LibD3MkEntityTree", "LibD3MkEntityTree\LibD3MkEntityTree.vcproj", "{8AA68150-78DB-4749-8F0D-A4C58AAC73F4}"
	ProjectSection(ProjectDependencies) = postProject
		{0C258900-2F14-479C-8F53-E103B9EA0239} = {0C258900-2F14-479C-8F53-E103B9EA0239}
		{87A0FB99-7849-4D0B-9B79-5B66D15C2C47} = {87A0FB99-7849-4D0B-9B79-5B66D15C2C47}
	EndProjectSection
EndProject
Project("{8BC9CEB8-8B4A-11D0-8D11-00A0C91BC942}") = "D3AnimCraftzman", "MD5AnimCraftzman\MD5AnimCraftzman.vcproj", "{9EA4573F-E8AB-4302-A625-85188786492C}"
	ProjectSection(ProjectDependencies) = postProject
		{8AA68150-78DB-4749-8F0D-A4C58AAC73F4} = {8AA68150-78DB-4749-8F0D-A4C58AAC73F4}
	EndProjectSection
EndProject
Project("{8BC9CEB8-8B4A-11D0-8D11-00A0C91BC942}") = "D3Pk4OleLib", "D3Pk4OleLib\D3Pk4OleLib.vcproj", "{C9453D3F-2395-4681-9DE5-BBAA9A76FC3C}"
	ProjectSection(ProjectDependencies) = postProject
		{8AA68150-78DB-4749-8F0D-A4C58AAC73F4} = {8AA68150-78DB-4749-8F0D-A4C58AAC73F4}
	EndProjectSection
EndProject
Project("{8BC9CEB8-8B4A-11D0-8D11-00A0C91BC942}") = "D3Pk4OleLibPS", "D3Pk4OleLib\D3Pk4OleLibPS.vcproj", "{30A43807-47CA-45FA-B9F3-0E866E28FB9B}"
	ProjectSection(ProjectDependencies) = postProject
		{C9453D3F-2395-4681-9DE5-BBAA9A76FC3C} = {C9453D3F-2395-4681-9DE5-BBAA9A76FC3C}
	EndProjectSection
EndProject
Project("{FAE04EC0-301F-11D3-BF4B-00C04F79EFBC}") = "RTParser", "RTParser\RTParser.csproj", "{7FBAD6E7-E279-4BF7-8996-D0E6E67672BA}"
EndProject
Global
	GlobalSection(SourceCodeControl) = preSolution
		SccNumberOfProjects = 12
		SccProjectUniqueName0 = CxImage\\cximage.vcproj
		SccLocalPath0 = .
		SccProjectFilePathRelativizedFromConnection0 = CxImage\\
		SccProjectUniqueName1 = D3MkEntityTree\\D3MkEntityTree.vcproj
		SccLocalPath1 = .
		SccProjectFilePathRelativizedFromConnection1 = D3MkEntityTree\\
		SccProjectUniqueName2 = D3ModelExplorer\\D3ModelExplorer.vcproj
		SccLocalPath2 = .
		SccProjectFilePathRelativizedFromConnection2 = D3ModelExplorer\\
		SccProjectUniqueName3 = D3Pk4OleLib\\D3Pk4OleLib.vcproj
		SccLocalPath3 = .
		SccProjectFilePathRelativizedFromConnection3 = D3Pk4OleLib\\
		SccProjectUniqueName4 = D3Pk4OleLib\\D3Pk4OleLibPS.vcproj
		SccLocalPath4 = .
		SccProjectFilePathRelativizedFromConnection4 = D3Pk4OleLib\\
		SccProjectUniqueName5 = jpeg\\Jpeg.vcproj
		SccLocalPath5 = .
		SccProjectFilePathRelativizedFromConnection5 = jpeg\\
		SccProjectUniqueName6 = LibD3MkEntityTree\\LibD3MkEntityTree.vcproj
		SccLocalPath6 = .
		SccProjectFilePathRelativizedFromConnection6 = LibD3MkEntityTree\\
		SccProjectUniqueName7 = MD5AnimCraftzman\\MD5AnimCraftzman.vcproj
		SccLocalPath7 = .
		SccProjectFilePathRelativizedFromConnection7 = MD5AnimCraftzman\\
		SccProjectUniqueName8 = RTParser\\RTParser.csproj
		SccLocalPath8 = .
		SccProjectFilePathRelativizedFromConnection8 = RTParser\\
		SccProjectUniqueName9 = unZip\\unZip.vcproj
		SccLocalPath9 = .
		SccProjectFilePathRelativizedFromConnection9 = unZip\\
		SccProjectUniqueName10 = zlib\\zlib.vcproj
		SccLocalPath10 = .
		SccProjectFilePathRelativizedFromConnection10 = zlib\\
		SccLocalPath11 = .
	EndGlobalSection
	GlobalSection(SolutionConfigurationPlatforms) = preSolution
		Debug|Any CPU = Debug|Any CPU
		Release|Any CPU = Release|Any CPU
	EndGlobalSection
	GlobalSection(ProjectConfigurationPlatforms) = postSolution
		{4BF88307-699D-4B8D-99A5-7249A61D0661}.Debug|Any CPU.ActiveCfg = Debug|Win32
		{4BF88307-699D-4B8D-99A5-7249A61D0661}.Release|Any CPU.ActiveCfg = Release|Win32
		{0C258900-2F14-479C-8F53-E103B9EA0239}.Debug|Any CPU.ActiveCfg = Debug|Win32
		{0C258900-2F14-479C-8F53-E103B9EA0239}.Release|Any CPU.ActiveCfg = Release|Win32
		{300C64A2-5903-477D-966A-C2E9CBDB0C17}.Debug|Any CPU.ActiveCfg = Debug|Win32
		{300C64A2-5903-477D-966A-C2E9CBDB0C17}.Release|Any CPU.ActiveCfg = Release|Win32
		{87A0FB99-7849-4D0B-9B79-5B66D15C2C47}.Debug|Any CPU.ActiveCfg = Debug|Win32
		{87A0FB99-7849-4D0B-9B79-5B66D15C2C47}.Release|Any CPU.ActiveCfg = Release|Win32
		{035DEAE7-118D-4946-9D58-C9AE7E7C03E6}.Debug|Any CPU.ActiveCfg = Debug|Win32
		{035DEAE7-118D-4946-9D58-C9AE7E7C03E6}.Release|Any CPU.ActiveCfg = Release|Win32
		{E47610AF-22C5-4193-829A-A81989DFC4E3}.Debug|Any CPU.ActiveCfg = Debug|Win32
		{E47610AF-22C5-4193-829A-A81989DFC4E3}.Release|Any CPU.ActiveCfg = Release|Win32
		{8AA68150-78DB-4749-8F0D-A4C58AAC73F4}.Debug|Any CPU.ActiveCfg = Debug|Win32
		{8AA68150-78DB-4749-8F0D-A4C58AAC73F4}.Release|Any CPU.ActiveCfg = Release|Win32
		{9EA4573F-E8AB-4302-A625-85188786492C}.Debug|Any CPU.ActiveCfg = Debug|Win32
		{9EA4573F-E8AB-4302-A625-85188786492C}.Release|Any CPU.ActiveCfg = Release|Win32
		{C9453D3F-2395-4681-9DE5-BBAA9A76FC3C}.Debug|Any CPU.ActiveCfg = Debug|Win32
		{C9453D3F-2395-4681-9DE5-BBAA9A76FC3C}.Release|Any CPU.ActiveCfg = Release|Win32
		{30A43807-47CA-45FA-B9F3-0E866E28FB9B}.Debug|Any CPU.ActiveCfg = Debug|Win32
		{30A43807-47CA-45FA-B9F3-0E866E28FB9B}.Release|Any CPU.ActiveCfg = Release|Win32
		{7FBAD6E7-E279-4BF7-8996-D0E6E67672BA}.Debug|Any CPU.ActiveCfg = Debug|Any CPU
		{7FBAD6E7-E279-4BF7-8996-D0E6E67672BA}.Release|Any CPU.ActiveCfg = Release|Any CPU
		{7FBAD6E7-E279-4BF7-8996-D0E6E67672BA}.Release|Any CPU.Build.0 = Release|Any CPU
	EndGlobalSection
	GlobalSection(SolutionProperties) = preSolution
		HideSolutionNode = FALSE
	EndGlobalSection
EndGlobal
