Microsoft Visual Studio Solution File, Format Version 12.00
# Visual Studio Version 16
VisualStudioVersion = 16.0.28729.10
MinimumVisualStudioVersion = 10.0.40219.1
Project("{8BC9CEB8-8B4A-11D0-8D11-00A0C91BC942}") = "D3MkEntityTree", "D3MkEntityTree\D3MkEntityTree.vcxproj", "{4BF88307-699D-4B8D-99A5-7249A61D0661}"
EndProject
Project("{8BC9CEB8-8B4A-11D0-8D11-00A0C91BC942}") = "unZip", "unzip\unZip.vcxproj", "{0C258900-2F14-479C-8F53-E103B9EA0239}"
EndProject
Project("{8BC9CEB8-8B4A-11D0-8D11-00A0C91BC942}") = "zlib", "zlib\zlib.vcxproj", "{300C64A2-5903-477D-966A-C2E9CBDB0C17}"
EndProject
Project("{8BC9CEB8-8B4A-11D0-8D11-00A0C91BC942}") = "CxImage", "CxImage\cximage.vcxproj", "{87A0FB99-7849-4D0B-9B79-5B66D15C2C47}"
EndProject
Project("{8BC9CEB8-8B4A-11D0-8D11-00A0C91BC942}") = "jpeg", "jpeg\Jpeg.vcxproj", "{035DEAE7-118D-4946-9D58-C9AE7E7C03E6}"
EndProject
Project("{8BC9CEB8-8B4A-11D0-8D11-00A0C91BC942}") = "D3ModelExplorer", "D3ModelExplorer\D3ModelExplorer.vcxproj", "{E47610AF-22C5-4193-829A-A81989DFC4E3}"
EndProject
Project("{8BC9CEB8-8B4A-11D0-8D11-00A0C91BC942}") = "LibD3MkEntityTree", "LibD3MkEntityTree\LibD3MkEntityTree.vcxproj", "{8AA68150-78DB-4749-8F0D-A4C58AAC73F4}"
EndProject
Project("{8BC9CEB8-8B4A-11D0-8D11-00A0C91BC942}") = "D3AnimCraftzman", "MD5AnimCraftzman\MD5AnimCraftzman.vcxproj", "{9EA4573F-E8AB-4302-A625-85188786492C}"
EndProject
Project("{8BC9CEB8-8B4A-11D0-8D11-00A0C91BC942}") = "D3Pk4OleLib", "D3Pk4OleLib\D3Pk4OleLib.vcxproj", "{C9453D3F-2395-4681-9DE5-BBAA9A76FC3C}"
EndProject
Project("{8BC9CEB8-8B4A-11D0-8D11-00A0C91BC942}") = "D3Pk4OleLibPS", "D3Pk4OleLib\D3Pk4OleLibPS.vcxproj", "{30A43807-47CA-45FA-B9F3-0E866E28FB9B}"
EndProject
Project("{FAE04EC0-301F-11D3-BF4B-00C04F79EFBC}") = "RTParser", "RTParser\RTParser.csproj", "{7FBAD6E7-E279-4BF7-8996-D0E6E67672BA}"
EndProject
Global
	GlobalSection(SolutionConfigurationPlatforms) = preSolution
		Debug|Any CPU = Debug|Any CPU
		Release|Any CPU = Release|Any CPU
	EndGlobalSection
	GlobalSection(ProjectConfigurationPlatforms) = postSolution
		{4BF88307-699D-4B8D-99A5-7249A61D0661}.Debug|Any CPU.ActiveCfg = Debug|Win32
		{4BF88307-699D-4B8D-99A5-7249A61D0661}.Release|Any CPU.ActiveCfg = Release|Win32
		{4BF88307-699D-4B8D-99A5-7249A61D0661}.Release|Any CPU.Build.0 = Release|Win32
		{0C258900-2F14-479C-8F53-E103B9EA0239}.Debug|Any CPU.ActiveCfg = Debug|Win32
		{0C258900-2F14-479C-8F53-E103B9EA0239}.Release|Any CPU.ActiveCfg = Release|Win32
		{0C258900-2F14-479C-8F53-E103B9EA0239}.Release|Any CPU.Build.0 = Release|Win32
		{300C64A2-5903-477D-966A-C2E9CBDB0C17}.Debug|Any CPU.ActiveCfg = Debug|Win32
		{300C64A2-5903-477D-966A-C2E9CBDB0C17}.Release|Any CPU.ActiveCfg = Release|Win32
		{300C64A2-5903-477D-966A-C2E9CBDB0C17}.Release|Any CPU.Build.0 = Release|Win32
		{87A0FB99-7849-4D0B-9B79-5B66D15C2C47}.Debug|Any CPU.ActiveCfg = Debug|Win32
		{87A0FB99-7849-4D0B-9B79-5B66D15C2C47}.Release|Any CPU.ActiveCfg = Release|Win32
		{87A0FB99-7849-4D0B-9B79-5B66D15C2C47}.Release|Any CPU.Build.0 = Release|Win32
		{035DEAE7-118D-4946-9D58-C9AE7E7C03E6}.Debug|Any CPU.ActiveCfg = Debug|Win32
		{035DEAE7-118D-4946-9D58-C9AE7E7C03E6}.Release|Any CPU.ActiveCfg = Release|Win32
		{035DEAE7-118D-4946-9D58-C9AE7E7C03E6}.Release|Any CPU.Build.0 = Release|Win32
		{E47610AF-22C5-4193-829A-A81989DFC4E3}.Debug|Any CPU.ActiveCfg = Debug|Win32
		{E47610AF-22C5-4193-829A-A81989DFC4E3}.Release|Any CPU.ActiveCfg = Release|Win32
		{E47610AF-22C5-4193-829A-A81989DFC4E3}.Release|Any CPU.Build.0 = Release|Win32
		{8AA68150-78DB-4749-8F0D-A4C58AAC73F4}.Debug|Any CPU.ActiveCfg = Debug|Win32
		{8AA68150-78DB-4749-8F0D-A4C58AAC73F4}.Release|Any CPU.ActiveCfg = Release|Win32
		{8AA68150-78DB-4749-8F0D-A4C58AAC73F4}.Release|Any CPU.Build.0 = Release|Win32
		{9EA4573F-E8AB-4302-A625-85188786492C}.Debug|Any CPU.ActiveCfg = Debug|Win32
		{9EA4573F-E8AB-4302-A625-85188786492C}.Release|Any CPU.ActiveCfg = Release|Win32
		{9EA4573F-E8AB-4302-A625-85188786492C}.Release|Any CPU.Build.0 = Release|Win32
		{C9453D3F-2395-4681-9DE5-BBAA9A76FC3C}.Debug|Any CPU.ActiveCfg = Debug|Win32
		{C9453D3F-2395-4681-9DE5-BBAA9A76FC3C}.Release|Any CPU.ActiveCfg = Release|Win32
		{C9453D3F-2395-4681-9DE5-BBAA9A76FC3C}.Release|Any CPU.Build.0 = Release|Win32
		{30A43807-47CA-45FA-B9F3-0E866E28FB9B}.Debug|Any CPU.ActiveCfg = Debug|Win32
		{30A43807-47CA-45FA-B9F3-0E866E28FB9B}.Release|Any CPU.ActiveCfg = Release|Win32
		{30A43807-47CA-45FA-B9F3-0E866E28FB9B}.Release|Any CPU.Build.0 = Release|Win32
		{7FBAD6E7-E279-4BF7-8996-D0E6E67672BA}.Debug|Any CPU.ActiveCfg = Debug|Any CPU
		{7FBAD6E7-E279-4BF7-8996-D0E6E67672BA}.Release|Any CPU.ActiveCfg = Release|Any CPU
		{7FBAD6E7-E279-4BF7-8996-D0E6E67672BA}.Release|Any CPU.Build.0 = Release|Any CPU
	EndGlobalSection
	GlobalSection(SolutionProperties) = preSolution
		HideSolutionNode = FALSE
	EndGlobalSection
	GlobalSection(ExtensibilityGlobals) = postSolution
		SolutionGuid = {9C1F3C71-1005-4EE9-9934-11B417BB0360}
	EndGlobalSection
EndGlobal
